
Microsoft Visual Studio Solution File, Format Version 12.00
# Visual Studio Version 17
VisualStudioVersion = 17.1.32407.343
MinimumVisualStudioVersion = 10.0.40219.1
Project("{2150E333-8FDC-42A3-9474-1A3956D46DE8}") = "src", "src", "{71625373-05CD-407D-8C56-C2A8E21FB120}"
EndProject
Project("{2150E333-8FDC-42A3-9474-1A3956D46DE8}") = "test", "test", "{B66738E2-7DDF-4D2B-858E-0DEDBC68DCF0}"
EndProject
Project("{2150E333-8FDC-42A3-9474-1A3956D46DE8}") = "Core", "Core", "{C3057BDE-B38C-4723-B7C2-5E1DECD8C0C8}"
EndProject
Project("{2150E333-8FDC-42A3-9474-1A3956D46DE8}") = "Infrastructure", "Infrastructure", "{B85F9E5A-562B-4695-AA1A-5100665F17A4}"
EndProject
Project("{2150E333-8FDC-42A3-9474-1A3956D46DE8}") = "Presentation", "Presentation", "{9FD61DB4-5534-46EE-8154-236D16B7C5E8}"
EndProject
Project("{FAE04EC0-301F-11D3-BF4B-00C04F79EFBC}") = "Domain", "src\Core\Domain\Domain.csproj", "{A18C0504-F4D5-4E4D-A404-F72DDA2F3F6C}"
EndProject
Project("{FAE04EC0-301F-11D3-BF4B-00C04F79EFBC}") = "Application", "src\Core\Application\Application.csproj", "{849FFADB-7356-4FEB-8FAA-906D58EEA795}"
EndProject
Project("{FAE04EC0-301F-11D3-BF4B-00C04F79EFBC}") = "Persistence", "src\Infrastructure\Persistence\Persistence.csproj", "{4AD8C6DB-8910-48CF-BC02-D9D986CB6369}"
EndProject
Project("{FAE04EC0-301F-11D3-BF4B-00C04F79EFBC}") = "WebApi", "src\Presentation\WebApi\WebApi.csproj", "{2DDA9757-D2AC-4B00-8169-DA8D7DC2839C}"
EndProject
Global
	GlobalSection(SolutionConfigurationPlatforms) = preSolution
		Debug|Any CPU = Debug|Any CPU
		Release|Any CPU = Release|Any CPU
	EndGlobalSection
	GlobalSection(ProjectConfigurationPlatforms) = postSolution
		{A18C0504-F4D5-4E4D-A404-F72DDA2F3F6C}.Debug|Any CPU.ActiveCfg = Debug|Any CPU
		{A18C0504-F4D5-4E4D-A404-F72DDA2F3F6C}.Debug|Any CPU.Build.0 = Debug|Any CPU
		{A18C0504-F4D5-4E4D-A404-F72DDA2F3F6C}.Release|Any CPU.ActiveCfg = Release|Any CPU
		{A18C0504-F4D5-4E4D-A404-F72DDA2F3F6C}.Release|Any CPU.Build.0 = Release|Any CPU
		{849FFADB-7356-4FEB-8FAA-906D58EEA795}.Debug|Any CPU.ActiveCfg = Debug|Any CPU
		{849FFADB-7356-4FEB-8FAA-906D58EEA795}.Debug|Any CPU.Build.0 = Debug|Any CPU
		{849FFADB-7356-4FEB-8FAA-906D58EEA795}.Release|Any CPU.ActiveCfg = Release|Any CPU
		{849FFADB-7356-4FEB-8FAA-906D58EEA795}.Release|Any CPU.Build.0 = Release|Any CPU
		{4AD8C6DB-8910-48CF-BC02-D9D986CB6369}.Debug|Any CPU.ActiveCfg = Debug|Any CPU
		{4AD8C6DB-8910-48CF-BC02-D9D986CB6369}.Debug|Any CPU.Build.0 = Debug|Any CPU
		{4AD8C6DB-8910-48CF-BC02-D9D986CB6369}.Release|Any CPU.ActiveCfg = Release|Any CPU
		{4AD8C6DB-8910-48CF-BC02-D9D986CB6369}.Release|Any CPU.Build.0 = Release|Any CPU
		{2DDA9757-D2AC-4B00-8169-DA8D7DC2839C}.Debug|Any CPU.ActiveCfg = Debug|Any CPU
		{2DDA9757-D2AC-4B00-8169-DA8D7DC2839C}.Debug|Any CPU.Build.0 = Debug|Any CPU
		{2DDA9757-D2AC-4B00-8169-DA8D7DC2839C}.Release|Any CPU.ActiveCfg = Release|Any CPU
		{2DDA9757-D2AC-4B00-8169-DA8D7DC2839C}.Release|Any CPU.Build.0 = Release|Any CPU
	EndGlobalSection
	GlobalSection(SolutionProperties) = preSolution
		HideSolutionNode = FALSE
	EndGlobalSection
	GlobalSection(NestedProjects) = preSolution
		{C3057BDE-B38C-4723-B7C2-5E1DECD8C0C8} = {71625373-05CD-407D-8C56-C2A8E21FB120}
		{B85F9E5A-562B-4695-AA1A-5100665F17A4} = {71625373-05CD-407D-8C56-C2A8E21FB120}
		{9FD61DB4-5534-46EE-8154-236D16B7C5E8} = {71625373-05CD-407D-8C56-C2A8E21FB120}
		{A18C0504-F4D5-4E4D-A404-F72DDA2F3F6C} = {C3057BDE-B38C-4723-B7C2-5E1DECD8C0C8}
		{849FFADB-7356-4FEB-8FAA-906D58EEA795} = {C3057BDE-B38C-4723-B7C2-5E1DECD8C0C8}
		{4AD8C6DB-8910-48CF-BC02-D9D986CB6369} = {B85F9E5A-562B-4695-AA1A-5100665F17A4}
		{2DDA9757-D2AC-4B00-8169-DA8D7DC2839C} = {9FD61DB4-5534-46EE-8154-236D16B7C5E8}
	EndGlobalSection
	GlobalSection(ExtensibilityGlobals) = postSolution
		SolutionGuid = {65DF4600-8F2E-4FC6-A444-80E1CBA4ABA5}
	EndGlobalSection
EndGlobal
